# THIS IS AN AUTOGENERATED FILE. DO NOT EDIT THIS FILE DIRECTLY.
# yarn lockfile v1


prisma2@2.0.0-alpha.219:
  version "2.0.0-alpha.219"
  resolved "https://registry.yarnpkg.com/prisma2/-/prisma2-2.0.0-alpha.219.tgz#18587b86bef70041860ca131a32d9feb7cd0b21a"
  integrity sha512-sOe1CCpiLzACCEIP2/rpw7uic0Tmijw2q09I7L9ltr8I42v0zyZOHVDpRTza7TgDctFAnzLSEna1gr4rjl9WAA==
